
Microsoft Visual Studio Solution File, Format Version 12.00
# Visual Studio Version 17
VisualStudioVersion = 17.5.33516.290
MinimumVisualStudioVersion = 10.0.40219.1
Project("{FAE04EC0-301F-11D3-BF4B-00C04F79EFBC}") = "PokemonReviewApp", "PokemonReviewApp\PokemonReviewApp.csproj", "{C34DA9F9-6849-41FE-964F-B2DCF2ED682D}"
EndProject
Global
	GlobalSection(SolutionConfigurationPlatforms) = preSolution
		Debug|Any CPU = Debug|Any CPU
		Release|Any CPU = Release|Any CPU
	EndGlobalSection
	GlobalSection(ProjectConfigurationPlatforms) = postSolution
		{C34DA9F9-6849-41FE-964F-B2DCF2ED682D}.Debug|Any CPU.ActiveCfg = Debug|Any CPU
		{C34DA9F9-6849-41FE-964F-B2DCF2ED682D}.Debug|Any CPU.Build.0 = Debug|Any CPU
		{C34DA9F9-6849-41FE-964F-B2DCF2ED682D}.Release|Any CPU.ActiveCfg = Release|Any CPU
		{C34DA9F9-6849-41FE-964F-B2DCF2ED682D}.Release|Any CPU.Build.0 = Release|Any CPU
	EndGlobalSection
	GlobalSection(SolutionProperties) = preSolution
		HideSolutionNode = FALSE
	EndGlobalSection
	GlobalSection(ExtensibilityGlobals) = postSolution
		SolutionGuid = {7C505862-0380-4F02-872A-F6805E4C9F74}
	EndGlobalSection
EndGlobal
